
Microsoft Visual Studio Solution File, Format Version 12.00
# Visual Studio Version 16
VisualStudioVersion = 16.0.29306.81
MinimumVisualStudioVersion = 10.0.40219.1
Project("{FAE04EC0-301F-11D3-BF4B-00C04F79EFBC}") = "OpgaveSæt07 Chat Client", "OpgaveSæt07 Chat Client\OpgaveSæt07 Chat Client.csproj", "{C61D64C7-6139-4D01-952C-264E0E31065A}"
EndProject
Global
	GlobalSection(SolutionConfigurationPlatforms) = preSolution
		Debug|Any CPU = Debug|Any CPU
		Release|Any CPU = Release|Any CPU
	EndGlobalSection
	GlobalSection(ProjectConfigurationPlatforms) = postSolution
		{C61D64C7-6139-4D01-952C-264E0E31065A}.Debug|Any CPU.ActiveCfg = Debug|Any CPU
		{C61D64C7-6139-4D01-952C-264E0E31065A}.Debug|Any CPU.Build.0 = Debug|Any CPU
		{C61D64C7-6139-4D01-952C-264E0E31065A}.Release|Any CPU.ActiveCfg = Release|Any CPU
		{C61D64C7-6139-4D01-952C-264E0E31065A}.Release|Any CPU.Build.0 = Release|Any CPU
	EndGlobalSection
	GlobalSection(SolutionProperties) = preSolution
		HideSolutionNode = FALSE
	EndGlobalSection
	GlobalSection(ExtensibilityGlobals) = postSolution
		SolutionGuid = {B5149EA3-E2AE-4763-A966-0C6CE9F32E50}
	EndGlobalSection
EndGlobal
